
Microsoft Visual Studio Solution File, Format Version 12.00
# Visual Studio 14
VisualStudioVersion = 14.0.25420.1
MinimumVisualStudioVersion = 10.0.40219.1
Project("{FAE04EC0-301F-11D3-BF4B-00C04F79EFBC}") = "SIPI.Presentation.Website", "src\SIPI.Presentation.Website\SIPI.Presentation.Website.csproj", "{8EE9399D-55A9-4107-BA92-1B9207E6D386}"
EndProject
Project("{FAE04EC0-301F-11D3-BF4B-00C04F79EFBC}") = "SIPI.Core", "src\SIPI.Core\SIPI.Core.csproj", "{39FEE8F7-5AD5-4C26-A256-F5263BD09151}"
EndProject
Project("{FAE04EC0-301F-11D3-BF4B-00C04F79EFBC}") = "SIPI.Data.EF", "src\SIPI.Data.EF\SIPI.Data.EF.csproj", "{40953DE9-6C15-4391-AB27-4688F752514E}"
EndProject
Project("{2150E333-8FDC-42A3-9474-1A3956D46DE8}") = "src", "src", "{BEACCBAD-A8C6-4B2A-8D61-C1093EBCBB67}"
EndProject
Global
	GlobalSection(SolutionConfigurationPlatforms) = preSolution
		Debug|Any CPU = Debug|Any CPU
		Release|Any CPU = Release|Any CPU
	EndGlobalSection
	GlobalSection(ProjectConfigurationPlatforms) = postSolution
		{8EE9399D-55A9-4107-BA92-1B9207E6D386}.Debug|Any CPU.ActiveCfg = Debug|Any CPU
		{8EE9399D-55A9-4107-BA92-1B9207E6D386}.Debug|Any CPU.Build.0 = Debug|Any CPU
		{8EE9399D-55A9-4107-BA92-1B9207E6D386}.Release|Any CPU.ActiveCfg = Release|Any CPU
		{8EE9399D-55A9-4107-BA92-1B9207E6D386}.Release|Any CPU.Build.0 = Release|Any CPU
		{39FEE8F7-5AD5-4C26-A256-F5263BD09151}.Debug|Any CPU.ActiveCfg = Debug|Any CPU
		{39FEE8F7-5AD5-4C26-A256-F5263BD09151}.Debug|Any CPU.Build.0 = Debug|Any CPU
		{39FEE8F7-5AD5-4C26-A256-F5263BD09151}.Release|Any CPU.ActiveCfg = Release|Any CPU
		{39FEE8F7-5AD5-4C26-A256-F5263BD09151}.Release|Any CPU.Build.0 = Release|Any CPU
		{40953DE9-6C15-4391-AB27-4688F752514E}.Debug|Any CPU.ActiveCfg = Debug|Any CPU
		{40953DE9-6C15-4391-AB27-4688F752514E}.Debug|Any CPU.Build.0 = Debug|Any CPU
		{40953DE9-6C15-4391-AB27-4688F752514E}.Release|Any CPU.ActiveCfg = Release|Any CPU
		{40953DE9-6C15-4391-AB27-4688F752514E}.Release|Any CPU.Build.0 = Release|Any CPU
	EndGlobalSection
	GlobalSection(SolutionProperties) = preSolution
		HideSolutionNode = FALSE
	EndGlobalSection
	GlobalSection(NestedProjects) = preSolution
		{8EE9399D-55A9-4107-BA92-1B9207E6D386} = {BEACCBAD-A8C6-4B2A-8D61-C1093EBCBB67}
		{39FEE8F7-5AD5-4C26-A256-F5263BD09151} = {BEACCBAD-A8C6-4B2A-8D61-C1093EBCBB67}
		{40953DE9-6C15-4391-AB27-4688F752514E} = {BEACCBAD-A8C6-4B2A-8D61-C1093EBCBB67}
	EndGlobalSection
EndGlobal
